
Microsoft Visual Studio Solution File, Format Version 12.00
# Visual Studio 15
VisualStudioVersion = 15.0.27703.2000
MinimumVisualStudioVersion = 10.0.40219.1
Project("{FAE04EC0-301F-11D3-BF4B-00C04F79EFBC}") = "TicketManagementAutoTests", "TicketManagementAutoTests\TicketManagementAutoTests.csproj", "{635C8F0C-F515-418D-83AE-7E1579539392}"
EndProject
Global
	GlobalSection(SolutionConfigurationPlatforms) = preSolution
		Debug|Any CPU = Debug|Any CPU
		Release|Any CPU = Release|Any CPU
	EndGlobalSection
	GlobalSection(ProjectConfigurationPlatforms) = postSolution
		{635C8F0C-F515-418D-83AE-7E1579539392}.Debug|Any CPU.ActiveCfg = Debug|Any CPU
		{635C8F0C-F515-418D-83AE-7E1579539392}.Debug|Any CPU.Build.0 = Debug|Any CPU
		{635C8F0C-F515-418D-83AE-7E1579539392}.Release|Any CPU.ActiveCfg = Release|Any CPU
		{635C8F0C-F515-418D-83AE-7E1579539392}.Release|Any CPU.Build.0 = Release|Any CPU
	EndGlobalSection
	GlobalSection(SolutionProperties) = preSolution
		HideSolutionNode = FALSE
	EndGlobalSection
	GlobalSection(ExtensibilityGlobals) = postSolution
		SolutionGuid = {A63ACCB6-D0C2-4C44-97F2-24E0A5D36948}
	EndGlobalSection
EndGlobal
